{
  "nodes": {
    "home-manager": {
      "inputs": {
        "nixpkgs": [
          "nixpkgs"
        ]
      },
      "locked": {
        "lastModified": 1763416652,
        "narHash": "sha256-8EBEEvtzQ11LCxpQHMNEBQAGtQiCu/pqP9zSovDSbNM=",
        "owner": "nix-community",
        "repo": "home-manager",
        "rev": "ea164b7c9ccdc2321379c2ff78fd4317b4c41312",
        "type": "github"
      },
      "original": {
        "owner": "nix-community",
        "repo": "home-manager",
        "type": "github"
      }
    },
    "mcp-servers-nix": {
      "inputs": {
        "nixpkgs": [
          "nixos-cursor",
          "nixpkgs"
        ]
      },
      "locked": {
        "lastModified": 1763403887,
        "narHash": "sha256-re5JOoHIhwbuW94qsP0SkStgEGbF59TGjOVre2GYir4=",
        "owner": "natsukium",
        "repo": "mcp-servers-nix",
        "rev": "9651d9ae85524ec2784717273facaf131ba3e4c7",
        "type": "github"
      },
      "original": {
        "owner": "natsukium",
        "repo": "mcp-servers-nix",
        "type": "github"
      }
    },
    "nixos-cursor": {
      "inputs": {
        "mcp-servers-nix": "mcp-servers-nix",
        "nixpkgs": "nixpkgs"
      },
      "locked": {
        "lastModified": 1765851650,
        "narHash": "sha256-wWrgUOAWvaCU4MQYEERG/h4r89gM0o06zKqv1CK9UDM=",
        "owner": "Distracted-E421",
        "repo": "nixos-cursor",
        "rev": "2ed4682562cebddd69744bbbdc6298f86e7149fc",
        "type": "github"
      },
      "original": {
        "owner": "Distracted-E421",
        "repo": "nixos-cursor",
        "type": "github"
      }
    },
    "nixpkgs": {
      "locked": {
        "lastModified": 1763421233,
        "narHash": "sha256-Stk9ZYRkGrnnpyJ4eqt9eQtdFWRRIvMxpNRf4sIegnw=",
        "owner": "NixOS",
        "repo": "nixpkgs",
        "rev": "89c2b2330e733d6cdb5eae7b899326930c2c0648",
        "type": "github"
      },
      "original": {
        "owner": "NixOS",
        "ref": "nixos-unstable",
        "repo": "nixpkgs",
        "type": "github"
      }
    },
    "nixpkgs_2": {
      "locked": {
        "lastModified": 1763421233,
        "narHash": "sha256-Stk9ZYRkGrnnpyJ4eqt9eQtdFWRRIvMxpNRf4sIegnw=",
        "owner": "NixOS",
        "repo": "nixpkgs",
        "rev": "89c2b2330e733d6cdb5eae7b899326930c2c0648",
        "type": "github"
      },
      "original": {
        "owner": "NixOS",
        "ref": "nixos-unstable",
        "repo": "nixpkgs",
        "type": "github"
      }
    },
    "root": {
      "inputs": {
        "home-manager": "home-manager",
        "nixos-cursor": "nixos-cursor",
        "nixpkgs": "nixpkgs_2"
      }
    }
  },
  "root": "root",
  "version": 7
}
